
Microsoft Visual Studio Solution File, Format Version 12.00
# Visual Studio Version 17
VisualStudioVersion = 17.2.32505.173
MinimumVisualStudioVersion = 10.0.40219.1
Project("{FAE04EC0-301F-11D3-BF4B-00C04F79EFBC}") = "Write API to CSV", "Write API to CSV\Write API to CSV.csproj", "{CF78B19E-825E-45FC-9E2B-CCEDB1638070}"
EndProject
Global
	GlobalSection(SolutionConfigurationPlatforms) = preSolution
		Debug|Any CPU = Debug|Any CPU
		Release|Any CPU = Release|Any CPU
	EndGlobalSection
	GlobalSection(ProjectConfigurationPlatforms) = postSolution
		{CF78B19E-825E-45FC-9E2B-CCEDB1638070}.Debug|Any CPU.ActiveCfg = Debug|Any CPU
		{CF78B19E-825E-45FC-9E2B-CCEDB1638070}.Debug|Any CPU.Build.0 = Debug|Any CPU
		{CF78B19E-825E-45FC-9E2B-CCEDB1638070}.Release|Any CPU.ActiveCfg = Release|Any CPU
		{CF78B19E-825E-45FC-9E2B-CCEDB1638070}.Release|Any CPU.Build.0 = Release|Any CPU
	EndGlobalSection
	GlobalSection(SolutionProperties) = preSolution
		HideSolutionNode = FALSE
	EndGlobalSection
	GlobalSection(ExtensibilityGlobals) = postSolution
		SolutionGuid = {A47ADD99-C5E4-481B-B4BA-3311B57202E2}
	EndGlobalSection
EndGlobal
